
Microsoft Visual Studio Solution File, Format Version 12.00
# Visual Studio Version 16
VisualStudioVersion = 16.0.31005.135
MinimumVisualStudioVersion = 10.0.40219.1
Project("{FAE04EC0-301F-11D3-BF4B-00C04F79EFBC}") = "DeviceValidation", "DeviceValidation\DeviceValidation.csproj", "{919288D7-F184-4390-A62B-9A9012FBBCFE}"
EndProject
Project("{FAE04EC0-301F-11D3-BF4B-00C04F79EFBC}") = "DeviceValidation.Tests", "DeviceValidation.Tests\DeviceValidation.Tests.csproj", "{4CD2C313-938B-46A0-9D96-506656B07C6C}"
EndProject
Global
	GlobalSection(SolutionConfigurationPlatforms) = preSolution
		Debug|Any CPU = Debug|Any CPU
		Release|Any CPU = Release|Any CPU
	EndGlobalSection
	GlobalSection(ProjectConfigurationPlatforms) = postSolution
		{919288D7-F184-4390-A62B-9A9012FBBCFE}.Debug|Any CPU.ActiveCfg = Debug|Any CPU
		{919288D7-F184-4390-A62B-9A9012FBBCFE}.Debug|Any CPU.Build.0 = Debug|Any CPU
		{919288D7-F184-4390-A62B-9A9012FBBCFE}.Release|Any CPU.ActiveCfg = Release|Any CPU
		{919288D7-F184-4390-A62B-9A9012FBBCFE}.Release|Any CPU.Build.0 = Release|Any CPU
		{4CD2C313-938B-46A0-9D96-506656B07C6C}.Debug|Any CPU.ActiveCfg = Debug|Any CPU
		{4CD2C313-938B-46A0-9D96-506656B07C6C}.Debug|Any CPU.Build.0 = Debug|Any CPU
		{4CD2C313-938B-46A0-9D96-506656B07C6C}.Release|Any CPU.ActiveCfg = Release|Any CPU
		{4CD2C313-938B-46A0-9D96-506656B07C6C}.Release|Any CPU.Build.0 = Release|Any CPU
	EndGlobalSection
	GlobalSection(SolutionProperties) = preSolution
		HideSolutionNode = FALSE
	EndGlobalSection
	GlobalSection(ExtensibilityGlobals) = postSolution
		SolutionGuid = {9EF0124F-7D42-4ACA-B5C2-50C0B300A8A5}
	EndGlobalSection
EndGlobal
